{
  "name": "task-manager",
  "version": "1.0.0",
  "lockfileVersion": 1,
  "requires": true,
  "dependencies": {
    "tns-platform-declarations": {
      "version": "5.1.1",
      "resolved": "https://registry.npmjs.org/tns-platform-declarations/-/tns-platform-declarations-5.1.1.tgz",
      "integrity": "sha512-oQpw4hrwYr3IKisSRjoxQUV6Ll5MXEIQQwz8xhyPT/eQtEv1R0peTbcE5ryOqvzx/LDiRyqgzOg6FRC+ItSFcA==",
      "dev": true
    }
  }
}
